
Microsoft Visual Studio Solution File, Format Version 12.00
# Visual Studio Version 17
VisualStudioVersion = 17.4.33213.308
MinimumVisualStudioVersion = 10.0.40219.1
Project("{FAE04EC0-301F-11D3-BF4B-00C04F79EFBC}") = "GoldRate.Desktop", "GoldRate.Desktop\GoldRate.Desktop.csproj", "{2C055B43-DDE2-43F6-814C-8A1049987B7B}"
EndProject
Global
	GlobalSection(SolutionConfigurationPlatforms) = preSolution
		Debug|Any CPU = Debug|Any CPU
		Release|Any CPU = Release|Any CPU
	EndGlobalSection
	GlobalSection(ProjectConfigurationPlatforms) = postSolution
		{2C055B43-DDE2-43F6-814C-8A1049987B7B}.Debug|Any CPU.ActiveCfg = Debug|Any CPU
		{2C055B43-DDE2-43F6-814C-8A1049987B7B}.Debug|Any CPU.Build.0 = Debug|Any CPU
		{2C055B43-DDE2-43F6-814C-8A1049987B7B}.Release|Any CPU.ActiveCfg = Release|Any CPU
		{2C055B43-DDE2-43F6-814C-8A1049987B7B}.Release|Any CPU.Build.0 = Release|Any CPU
	EndGlobalSection
	GlobalSection(SolutionProperties) = preSolution
		HideSolutionNode = FALSE
	EndGlobalSection
	GlobalSection(ExtensibilityGlobals) = postSolution
		SolutionGuid = {545E6556-A48E-4500-94E7-357398F541AC}
	EndGlobalSection
EndGlobal
